
Microsoft Visual Studio Solution File, Format Version 12.00
# Visual Studio Version 17
VisualStudioVersion = 17.8.34330.188
MinimumVisualStudioVersion = 10.0.40219.1
Project("{9A19103F-16F7-4668-BE54-9A1E7A4F7556}") = "Bens.AIToolkit.Forms", "Bens.AIToolkit.Forms\Bens.AIToolkit.Forms.csproj", "{682A6649-9AD2-4F32-BA53-655207C2C002}"
EndProject
Project("{9A19103F-16F7-4668-BE54-9A1E7A4F7556}") = "Bens.AI.Toolkit", "Bens.AI.Toolkit\Bens.AI.Toolkit.csproj", "{618C71E2-72D8-4222-BF34-0874C2E2C74B}"
EndProject
Project("{2150E333-8FDC-42A3-9474-1A3956D46DE8}") = "Solution Items", "Solution Items", "{4C1C61FF-620D-4F08-AB66-966140D7F494}"
	ProjectSection(SolutionItems) = preProject
		readme.md = readme.md
	EndProjectSection
EndProject
Global
	GlobalSection(SolutionConfigurationPlatforms) = preSolution
		Debug|Any CPU = Debug|Any CPU
		Release|Any CPU = Release|Any CPU
	EndGlobalSection
	GlobalSection(ProjectConfigurationPlatforms) = postSolution
		{682A6649-9AD2-4F32-BA53-655207C2C002}.Debug|Any CPU.ActiveCfg = Debug|Any CPU
		{682A6649-9AD2-4F32-BA53-655207C2C002}.Debug|Any CPU.Build.0 = Debug|Any CPU
		{682A6649-9AD2-4F32-BA53-655207C2C002}.Release|Any CPU.ActiveCfg = Release|Any CPU
		{682A6649-9AD2-4F32-BA53-655207C2C002}.Release|Any CPU.Build.0 = Release|Any CPU
		{618C71E2-72D8-4222-BF34-0874C2E2C74B}.Debug|Any CPU.ActiveCfg = Debug|Any CPU
		{618C71E2-72D8-4222-BF34-0874C2E2C74B}.Debug|Any CPU.Build.0 = Debug|Any CPU
		{618C71E2-72D8-4222-BF34-0874C2E2C74B}.Release|Any CPU.ActiveCfg = Release|Any CPU
		{618C71E2-72D8-4222-BF34-0874C2E2C74B}.Release|Any CPU.Build.0 = Release|Any CPU
	EndGlobalSection
	GlobalSection(SolutionProperties) = preSolution
		HideSolutionNode = FALSE
	EndGlobalSection
	GlobalSection(ExtensibilityGlobals) = postSolution
		SolutionGuid = {B1EE76FD-8F77-49EA-806D-0551AC09E2A7}
	EndGlobalSection
EndGlobal
